// !$*UTF8*$!
{
	archiveVersion = 1;
	classes = {
	};
	objectVersion = 48;
	objects = {

/* Begin PBXBuildFile section */
		9B8F60501FEA21FC00E4ADE7 /* AppDelegate.swift in Sources */ = {isa = PBXBuildFile; fileRef = 9B8F604F1FEA21FC00E4ADE7 /* AppDelegate.swift */; };
		9B8F60521FEA21FC00E4ADE7 /* CollectionViewController.swift in Sources */ = {isa = PBXBuildFile; fileRef = 9B8F60511FEA21FC00E4ADE7 /* CollectionViewController.swift */; };
		9B8F60551FEA21FC00E4ADE7 /* Main.storyboard in Resources */ = {isa = PBXBuildFile; fileRef = 9B8F60531FEA21FC00E4ADE7 /* Main.storyboard */; };
		9B8F60581FEA21FC00E4ADE7 /* Homework4_CoreData.xcdatamodeld in Sources */ = {isa = PBXBuildFile; fileRef = 9B8F60561FEA21FC00E4ADE7 /* Homework4_CoreData.xcdatamodeld */; };
		9B8F605A1FEA21FC00E4ADE7 /* Assets.xcassets in Resources */ = {isa = PBXBuildFile; fileRef = 9B8F60591FEA21FC00E4ADE7 /* Assets.xcassets */; };
		9B8F605D1FEA21FC00E4ADE7 /* LaunchScreen.storyboard in Resources */ = {isa = PBXBuildFile; fileRef = 9B8F605B1FEA21FC00E4ADE7 /* LaunchScreen.storyboard */; };
		9B8F60671FEA274900E4ADE7 /* Note.swift in Sources */ = {isa = PBXBuildFile; fileRef = 9B8F60661FEA274900E4ADE7 /* Note.swift */; };
		9B8F606B1FEA5A2A00E4ADE7 /* NoteCollectionViewCell.swift in Sources */ = {isa = PBXBuildFile; fileRef = 9B8F60691FEA5A2A00E4ADE7 /* NoteCollectionViewCell.swift */; };
		9BC3492B1FEBA94A004FA1F3 /* NoteDetailViewController.swift in Sources */ = {isa = PBXBuildFile; fileRef = 9BC3492A1FEBA94A004FA1F3 /* NoteDetailViewController.swift */; };
/* End PBXBuildFile section */

/* Begin PBXFileReference section */
		9B8F604C1FEA21FC00E4ADE7 /* Homework4 CoreData.app */ = {isa = PBXFileReference; explicitFileType = wrapper.application; includeInIndex = 0; path = "Homework4 CoreData.app"; sourceTree = BUILT_PRODUCTS_DIR; };
		9B8F604F1FEA21FC00E4ADE7 /* AppDelegate.swift */ = {isa = PBXFileReference; lastKnownFileType = sourcecode.swift; path = AppDelegate.swift; sourceTree = "<group>"; };
		9B8F60511FEA21FC00E4ADE7 /* CollectionViewController.swift */ = {isa = PBXFileReference; lastKnownFileType = sourcecode.swift; path = CollectionViewController.swift; sourceTree = "<group>"; };
		9B8F60541FEA21FC00E4ADE7 /* Base */ = {isa = PBXFileReference; lastKnownFileType = file.storyboard; name = Base; path = Base.lproj/Main.storyboard; sourceTree = "<group>"; };
		9B8F60571FEA21FC00E4ADE7 /* Homework4_CoreData.xcdatamodel */ = {isa = PBXFileReference; lastKnownFileType = wrapper.xcdatamodel; path = Homework4_CoreData.xcdatamodel; sourceTree = "<group>"; };
		9B8F60591FEA21FC00E4ADE7 /* Assets.xcassets */ = {isa = PBXFileReference; lastKnownFileType = folder.assetcatalog; path = Assets.xcassets; sourceTree = "<group>"; };
		9B8F605C1FEA21FC00E4ADE7 /* Base */ = {isa = PBXFileReference; lastKnownFileType = file.storyboard; name = Base; path = Base.lproj/LaunchScreen.storyboard; sourceTree = "<group>"; };
		9B8F605E1FEA21FC00E4ADE7 /* Info.plist */ = {isa = PBXFileReference; lastKnownFileType = text.plist.xml; path = Info.plist; sourceTree = "<group>"; };
		9B8F60661FEA274900E4ADE7 /* Note.swift */ = {isa = PBXFileReference; lastKnownFileType = sourcecode.swift; path = Note.swift; sourceTree = "<group>"; };
		9B8F60691FEA5A2A00E4ADE7 /* NoteCollectionViewCell.swift */ = {isa = PBXFileReference; lastKnownFileType = sourcecode.swift; path = NoteCollectionViewCell.swift; sourceTree = "<group>"; };
		9BC3492A1FEBA94A004FA1F3 /* NoteDetailViewController.swift */ = {isa = PBXFileReference; lastKnownFileType = sourcecode.swift; path = NoteDetailViewController.swift; sourceTree = "<group>"; };
/* End PBXFileReference section */

/* Begin PBXFrameworksBuildPhase section */
		9B8F60491FEA21FC00E4ADE7 /* Frameworks */ = {
			isa = PBXFrameworksBuildPhase;
			buildActionMask = 2147483647;
			files = (
			);
			runOnlyForDeploymentPostprocessing = 0;
		};
/* End PBXFrameworksBuildPhase section */

/* Begin PBXGroup section */
		9B8F60431FEA21FC00E4ADE7 = {
			isa = PBXGroup;
			children = (
				9B8F604E1FEA21FC00E4ADE7 /* Homework4 CoreData */,
				9B8F604D1FEA21FC00E4ADE7 /* Products */,
			);
			sourceTree = "<group>";
		};
		9B8F604D1FEA21FC00E4ADE7 /* Products */ = {
			isa = PBXGroup;
			children = (
				9B8F604C1FEA21FC00E4ADE7 /* Homework4 CoreData.app */,
			);
			name = Products;
			sourceTree = "<group>";
		};
		9B8F604E1FEA21FC00E4ADE7 /* Homework4 CoreData */ = {
			isa = PBXGroup;
			children = (
				9B8F60691FEA5A2A00E4ADE7 /* NoteCollectionViewCell.swift */,
				9B8F604F1FEA21FC00E4ADE7 /* AppDelegate.swift */,
				9B8F60511FEA21FC00E4ADE7 /* CollectionViewController.swift */,
				9B8F60661FEA274900E4ADE7 /* Note.swift */,
				9BC3492A1FEBA94A004FA1F3 /* NoteDetailViewController.swift */,
				9B8F60531FEA21FC00E4ADE7 /* Main.storyboard */,
				9B8F60591FEA21FC00E4ADE7 /* Assets.xcassets */,
				9B8F605B1FEA21FC00E4ADE7 /* LaunchScreen.storyboard */,
				9B8F605E1FEA21FC00E4ADE7 /* Info.plist */,
				9B8F60561FEA21FC00E4ADE7 /* Homework4_CoreData.xcdatamodeld */,
			);
			path = "Homework4 CoreData";
			sourceTree = "<group>";
		};
/* End PBXGroup section */

/* Begin PBXNativeTarget section */
		9B8F604B1FEA21FC00E4ADE7 /* Homework4 CoreData */ = {
			isa = PBXNativeTarget;
			buildConfigurationList = 9B8F60611FEA21FC00E4ADE7 /* Build configuration list for PBXNativeTarget "Homework4 CoreData" */;
			buildPhases = (
				9B8F60481FEA21FC00E4ADE7 /* Sources */,
				9B8F60491FEA21FC00E4ADE7 /* Frameworks */,
				9B8F604A1FEA21FC00E4ADE7 /* Resources */,
			);
			buildRules = (
			);
			dependencies = (
			);
			name = "Homework4 CoreData";
			productName = "Homework4 CoreData";
			productReference = 9B8F604C1FEA21FC00E4ADE7 /* Homework4 CoreData.app */;
			productType = "com.apple.product-type.application";
		};
/* End PBXNativeTarget section */

/* Begin PBXProject section */
		9B8F60441FEA21FC00E4ADE7 /* Project object */ = {
			isa = PBXProject;
			attributes = {
				LastSwiftUpdateCheck = 0920;
				LastUpgradeCheck = 0920;
				ORGANIZATIONNAME = JANSA;
				TargetAttributes = {
					9B8F604B1FEA21FC00E4ADE7 = {
						CreatedOnToolsVersion = 9.2;
						ProvisioningStyle = Automatic;
					};
				};
			};
			buildConfigurationList = 9B8F60471FEA21FC00E4ADE7 /* Build configuration list for PBXProject "Homework4 CoreData" */;
			compatibilityVersion = "Xcode 8.0";
			developmentRegion = en;
			hasScannedForEncodings = 0;
			knownRegions = (
				en,
				Base,
			);
			mainGroup = 9B8F60431FEA21FC00E4ADE7;
			productRefGroup = 9B8F604D1FEA21FC00E4ADE7 /* Products */;
			projectDirPath = "";
			projectRoot = "";
			targets = (
				9B8F604B1FEA21FC00E4ADE7 /* Homework4 CoreData */,
			);
		};
/* End PBXProject section */

/* Begin PBXResourcesBuildPhase section */
		9B8F604A1FEA21FC00E4ADE7 /* Resources */ = {
			isa = PBXResourcesBuildPhase;
			buildActionMask = 2147483647;
			files = (
				9B8F605D1FEA21FC00E4ADE7 /* LaunchScreen.storyboard in Resources */,
				9B8F605A1FEA21FC00E4ADE7 /* Assets.xcassets in Resources */,
				9B8F60551FEA21FC00E4ADE7 /* Main.storyboard in Resources */,
			);
			runOnlyForDeploymentPostprocessing = 0;
		};
/* End PBXResourcesBuildPhase section */

/* Begin PBXSourcesBuildPhase section */
		9B8F60481FEA21FC00E4ADE7 /* Sources */ = {
			isa = PBXSourcesBuildPhase;
			buildActionMask = 2147483647;
			files = (
				9B8F60671FEA274900E4ADE7 /* Note.swift in Sources */,
				9B8F60521FEA21FC00E4ADE7 /* CollectionViewController.swift in Sources */,
				9B8F606B1FEA5A2A00E4ADE7 /* NoteCollectionViewCell.swift in Sources */,
				9B8F60581FEA21FC00E4ADE7 /* Homework4_CoreData.xcdatamodeld in Sources */,
				9B8F60501FEA21FC00E4ADE7 /* AppDelegate.swift in Sources */,
				9BC3492B1FEBA94A004FA1F3 /* NoteDetailViewController.swift in Sources */,
			);
			runOnlyForDeploymentPostprocessing = 0;
		};
/* End PBXSourcesBuildPhase section */

/* Begin PBXVariantGroup section */
		9B8F60531FEA21FC00E4ADE7 /* Main.storyboard */ = {
			isa = PBXVariantGroup;
			children = (
				9B8F60541FEA21FC00E4ADE7 /* Base */,
			);
			name = Main.storyboard;
			sourceTree = "<group>";
		};
		9B8F605B1FEA21FC00E4ADE7 /* LaunchScreen.storyboard */ = {
			isa = PBXVariantGroup;
			children = (
				9B8F605C1FEA21FC00E4ADE7 /* Base */,
			);
			name = LaunchScreen.storyboard;
			sourceTree = "<group>";
		};
/* End PBXVariantGroup section */

/* Begin XCBuildConfiguration section */
		9B8F605F1FEA21FC00E4ADE7 /* Debug */ = {
			isa = XCBuildConfiguration;
			buildSettings = {
				ALWAYS_SEARCH_USER_PATHS = NO;
				CLANG_ANALYZER_NONNULL = YES;
				CLANG_ANALYZER_NUMBER_OBJECT_CONVERSION = YES_AGGRESSIVE;
				CLANG_CXX_LANGUAGE_STANDARD = "gnu++14";
				CLANG_CXX_LIBRARY = "libc++";
				CLANG_ENABLE_MODULES = YES;
				CLANG_ENABLE_OBJC_ARC = YES;
				CLANG_WARN_BLOCK_CAPTURE_AUTORELEASING = YES;
				CLANG_WARN_BOOL_CONVERSION = YES;
				CLANG_WARN_COMMA = YES;
				CLANG_WARN_CONSTANT_CONVERSION = YES;
				CLANG_WARN_DIRECT_OBJC_ISA_USAGE = YES_ERROR;
				CLANG_WARN_DOCUMENTATION_COMMENTS = YES;
				CLANG_WARN_EMPTY_BODY = YES;
				CLANG_WARN_ENUM_CONVERSION = YES;
				CLANG_WARN_INFINITE_RECURSION = YES;
				CLANG_WARN_INT_CONVERSION = YES;
				CLANG_WARN_NON_LITERAL_NULL_CONVERSION = YES;
				CLANG_WARN_OBJC_LITERAL_CONVERSION = YES;
				CLANG_WARN_OBJC_ROOT_CLASS = YES_ERROR;
				CLANG_WARN_RANGE_LOOP_ANALYSIS = YES;
				CLANG_WARN_STRICT_PROTOTYPES = YES;
				CLANG_WARN_SUSPICIOUS_MOVE = YES;
				CLANG_WARN_UNGUARDED_AVAILABILITY = YES_AGGRESSIVE;
				CLANG_WARN_UNREACHABLE_CODE = YES;
				CLANG_WARN__DUPLICATE_METHOD_MATCH = YES;
				CODE_SIGN_IDENTITY = "iPhone Developer";
				COPY_PHASE_STRIP = NO;
				DEBUG_INFORMATION_FORMAT = dwarf;
				ENABLE_STRICT_OBJC_MSGSEND = YES;
				ENABLE_TESTABILITY = YES;
				GCC_C_LANGUAGE_STANDARD = gnu11;
				GCC_DYNAMIC_NO_PIC = NO;
				GCC_NO_COMMON_BLOCKS = YES;
				GCC_OPTIMIZATION_LEVEL = 0;
				GCC_PREPROCESSOR_DEFINITIONS = (
					"DEBUG=1",
					"$(inherited)",
				);
				GCC_WARN_64_TO_32_BIT_CONVERSION = YES;
				GCC_WARN_ABOUT_RETURN_TYPE = YES_ERROR;
				GCC_WARN_UNDECLARED_SELECTOR = YES;
				GCC_WARN_UNINITIALIZED_AUTOS = YES_AGGRESSIVE;
				GCC_WARN_UNUSED_FUNCTION = YES;
				GCC_WARN_UNUSED_VARIABLE = YES;
				IPHONEOS_DEPLOYMENT_TARGET = 11.2;
				MTL_ENABLE_DEBUG_INFO = YES;
				ONLY_ACTIVE_ARCH = YES;
				SDKROOT = iphoneos;
				SWIFT_ACTIVE_COMPILATION_CONDITIONS = DEBUG;
				SWIFT_OPTIMIZATION_LEVEL = "-Onone";
			};
			name = Debug;
		};
		9B8F60601FEA21FC00E4ADE7 /* Release */ = {
			isa = XCBuildConfiguration;
			buildSettings = {
				ALWAYS_SEARCH_USER_PATHS = NO;
				CLANG_ANALYZER_NONNULL = YES;
				CLANG_ANALYZER_NUMBER_OBJECT_CONVERSION = YES_AGGRESSIVE;
				CLANG_CXX_LANGUAGE_STANDARD = "gnu++14";
				CLANG_CXX_LIBRARY = "libc++";
				CLANG_ENABLE_MODULES = YES;
				CLANG_ENABLE_OBJC_ARC = YES;
				CLANG_WARN_BLOCK_CAPTURE_AUTORELEASING = YES;
				CLANG_WARN_BOOL_CONVERSION = YES;
				CLANG_WARN_COMMA = YES;
				CLANG_WARN_CONSTANT_CONVERSION = YES;
				CLANG_WARN_DIRECT_OBJC_ISA_USAGE = YES_ERROR;
				CLANG_WARN_DOCUMENTATION_COMMENTS = YES;
				CLANG_WARN_EMPTY_BODY = YES;
				CLANG_WARN_ENUM_CONVERSION = YES;
				CLANG_WARN_INFINITE_RECURSION = YES;
				CLANG_WARN_INT_CONVERSION = YES;
				CLANG_WARN_NON_LITERAL_NULL_CONVERSION = YES;
				CLANG_WARN_OBJC_LITERAL_CONVERSION = YES;
				CLANG_WARN_OBJC_ROOT_CLASS = YES_ERROR;
				CLANG_WARN_RANGE_LOOP_ANALYSIS = YES;
				CLANG_WARN_STRICT_PROTOTYPES = YES;
				CLANG_WARN_SUSPICIOUS_MOVE = YES;
				CLANG_WARN_UNGUARDED_AVAILABILITY = YES_AGGRESSIVE;
				CLANG_WARN_UNREACHABLE_CODE = YES;
				CLANG_WARN__DUPLICATE_METHOD_MATCH = YES;
				CODE_SIGN_IDENTITY = "iPhone Developer";
				COPY_PHASE_STRIP = NO;
				DEBUG_INFORMATION_FORMAT = "dwarf-with-dsym";
				ENABLE_NS_ASSERTIONS = NO;
				ENABLE_STRICT_OBJC_MSGSEND = YES;
				GCC_C_LANGUAGE_STANDARD = gnu11;
				GCC_NO_COMMON_BLOCKS = YES;
				GCC_WARN_64_TO_32_BIT_CONVERSION = YES;
				GCC_WARN_ABOUT_RETURN_TYPE = YES_ERROR;
				GCC_WARN_UNDECLARED_SELECTOR = YES;
				GCC_WARN_UNINITIALIZED_AUTOS = YES_AGGRESSIVE;
				GCC_WARN_UNUSED_FUNCTION = YES;
				GCC_WARN_UNUSED_VARIABLE = YES;
				IPHONEOS_DEPLOYMENT_TARGET = 11.2;
				MTL_ENABLE_DEBUG_INFO = NO;
				SDKROOT = iphoneos;
				SWIFT_OPTIMIZATION_LEVEL = "-Owholemodule";
				VALIDATE_PRODUCT = YES;
			};
			name = Release;
		};
		9B8F60621FEA21FC00E4ADE7 /* Debug */ = {
			isa = XCBuildConfiguration;
			buildSettings = {
				ASSETCATALOG_COMPILER_APPICON_NAME = AppIcon;
				CODE_SIGN_STYLE = Automatic;
				DEVELOPMENT_TEAM = 4QZSS4MQNV;
				INFOPLIST_FILE = "Homework4 CoreData/Info.plist";
				LD_RUNPATH_SEARCH_PATHS = "$(inherited) @executable_path/Frameworks";
				PRODUCT_BUNDLE_IDENTIFIER = "com.channat.Homework4-CoreData";
				PRODUCT_NAME = "$(TARGET_NAME)";
				SWIFT_VERSION = 4.0;
				TARGETED_DEVICE_FAMILY = "1,2";
			};
			name = Debug;
		};
		9B8F60631FEA21FC00E4ADE7 /* Release */ = {
			isa = XCBuildConfiguration;
			buildSettings = {
				ASSETCATALOG_COMPILER_APPICON_NAME = AppIcon;
				CODE_SIGN_STYLE = Automatic;
				DEVELOPMENT_TEAM = 4QZSS4MQNV;
				INFOPLIST_FILE = "Homework4 CoreData/Info.plist";
				LD_RUNPATH_SEARCH_PATHS = "$(inherited) @executable_path/Frameworks";
				PRODUCT_BUNDLE_IDENTIFIER = "com.channat.Homework4-CoreData";
				PRODUCT_NAME = "$(TARGET_NAME)";
				SWIFT_VERSION = 4.0;
				TARGETED_DEVICE_FAMILY = "1,2";
			};
			name = Release;
		};
/* End XCBuildConfiguration section */

/* Begin XCConfigurationList section */
		9B8F60471FEA21FC00E4ADE7 /* Build configuration list for PBXProject "Homework4 CoreData" */ = {
			isa = XCConfigurationList;
			buildConfigurations = (
				9B8F605F1FEA21FC00E4ADE7 /* Debug */,
				9B8F60601FEA21FC00E4ADE7 /* Release */,
			);
			defaultConfigurationIsVisible = 0;
			defaultConfigurationName = Release;
		};
		9B8F60611FEA21FC00E4ADE7 /* Build configuration list for PBXNativeTarget "Homework4 CoreData" */ = {
			isa = XCConfigurationList;
			buildConfigurations = (
				9B8F60621FEA21FC00E4ADE7 /* Debug */,
				9B8F60631FEA21FC00E4ADE7 /* Release */,
			);
			defaultConfigurationIsVisible = 0;
			defaultConfigurationName = Release;
		};
/* End XCConfigurationList section */

/* Begin XCVersionGroup section */
		9B8F60561FEA21FC00E4ADE7 /* Homework4_CoreData.xcdatamodeld */ = {
			isa = XCVersionGroup;
			children = (
				9B8F60571FEA21FC00E4ADE7 /* Homework4_CoreData.xcdatamodel */,
			);
			currentVersion = 9B8F60571FEA21FC00E4ADE7 /* Homework4_CoreData.xcdatamodel */;
			path = Homework4_CoreData.xcdatamodeld;
			sourceTree = "<group>";
			versionGroupType = wrapper.xcdatamodel;
		};
/* End XCVersionGroup section */
	};
	rootObject = 9B8F60441FEA21FC00E4ADE7 /* Project object */;
}
